
Microsoft Visual Studio Solution File, Format Version 12.00
# Visual Studio Version 17
VisualStudioVersion = 17.0.32014.148
MinimumVisualStudioVersion = 10.0.40219.1
Project("{FAE04EC0-301F-11D3-BF4B-00C04F79EFBC}") = "WebApplication1", "WebApplication1.csproj", "{ED9AD9D6-42D4-4C10-BFA5-1290F457C153}"
EndProject
Global
	GlobalSection(SolutionConfigurationPlatforms) = preSolution
		Debug|Any CPU = Debug|Any CPU
		Release|Any CPU = Release|Any CPU
	EndGlobalSection
	GlobalSection(ProjectConfigurationPlatforms) = postSolution
		{ED9AD9D6-42D4-4C10-BFA5-1290F457C153}.Debug|Any CPU.ActiveCfg = Debug|Any CPU
		{ED9AD9D6-42D4-4C10-BFA5-1290F457C153}.Debug|Any CPU.Build.0 = Debug|Any CPU
		{ED9AD9D6-42D4-4C10-BFA5-1290F457C153}.Release|Any CPU.ActiveCfg = Release|Any CPU
		{ED9AD9D6-42D4-4C10-BFA5-1290F457C153}.Release|Any CPU.Build.0 = Release|Any CPU
	EndGlobalSection
	GlobalSection(SolutionProperties) = preSolution
		HideSolutionNode = FALSE
	EndGlobalSection
	GlobalSection(ExtensibilityGlobals) = postSolution
		SolutionGuid = {DA7929F4-6B48-465E-8CB3-C1356EDA2ABF}
	EndGlobalSection
EndGlobal
